<?xml version="1.0" encoding="utf-8"?>
<Project ToolsVersion="4.0" xmlns="http://schemas.microsoft.com/developer/msbuild/2003">
  <ItemGroup>
    <Filter Include="Source Files">
      <UniqueIdentifier>{4FC737F1-C7A5-4376-A066-2A32D752A2FF}</UniqueIdentifier>
      <Extensions>cpp;c;cc;cxx;c++;cppm;ixx;def;odl;idl;hpj;bat;asm;asmx</Extensions>
    </Filter>
    <Filter Include="Header Files">
      <UniqueIdentifier>{93995380-89BD-4b04-88EB-625FBE52EBFB}</UniqueIdentifier>
      <Extensions>h;hh;hpp;hxx;h++;hm;inl;inc;ipp;xsd</Extensions>
    </Filter>
    <Filter Include="Resource Files">
      <UniqueIdentifier>{67DA6AB6-F800-4c08-8B7A-83BB121AAD01}</UniqueIdentifier>
      <Extensions>rc;ico;cur;bmp;dlg;rc2;rct;bin;rgs;gif;jpg;jpeg;jpe;resx;tiff;tif;png;wav;mfcribbon-ms</Extensions>
    </Filter>
    <Filter Include="Bricks">
      <UniqueIdentifier>{4fa8d2e8-ec37-4a83-8267-25b413e3da19}</UniqueIdentifier>
    </Filter>
    <Filter Include="Grid">
      <UniqueIdentifier>{ad5c254f-2fc2-4623-84b2-7e36600ca1df}</UniqueIdentifier>
    </Filter>
    <Filter Include="Items">
      <UniqueIdentifier>{3da76805-8976-4425-b166-de6aeeddd605}</UniqueIdentifier>
    </Filter>
    <Filter Include="EndGame">
      <UniqueIdentifier>{10ee96e1-a835-44ba-8360-9a765ca546b0}</UniqueIdentifier>
    </Filter>
    <Filter Include="GameBoard">
      <UniqueIdentifier>{469b1714-39d2-4899-94e8-8b0434391db5}</UniqueIdentifier>
    </Filter>
    <Filter Include="Intro">
      <UniqueIdentifier>{7ca960dc-c589-4c6f-b093-717cc2cfe5e9}</UniqueIdentifier>
    </Filter>
    <Filter Include="Player">
      <UniqueIdentifier>{693b86aa-6128-49ee-97e1-509a05730fdf}</UniqueIdentifier>
    </Filter>
    <Filter Include="WorldMap1">
      <UniqueIdentifier>{a596660e-f44b-4227-823f-b02e85d0f27f}</UniqueIdentifier>
    </Filter>
    <Filter Include="Enemies">
      <UniqueIdentifier>{0ef4b9cb-1a6f-46a1-80bf-31e4ad4397d4}</UniqueIdentifier>
    </Filter>
  </ItemGroup>
  <ItemGroup>
    <None Include="packages.config" />
  </ItemGroup>
  <ItemGroup>
    <ClCompile Include="main.cpp">
      <Filter>Source Files</Filter>
    </ClCompile>
    <ClCompile Include="Sprites.cpp">
      <Filter>Source Files</Filter>
    </ClCompile>
    <ClCompile Include="Textures.cpp">
      <Filter>Source Files</Filter>
    </ClCompile>
    <ClCompile Include="Utils.cpp">
      <Filter>Source Files</Filter>
    </ClCompile>
    <ClCompile Include="Animations.cpp">
      <Filter>Source Files</Filter>
    </ClCompile>
    <ClCompile Include="Game.cpp">
      <Filter>Source Files</Filter>
    </ClCompile>
    <ClCompile Include="GameObject.cpp">
      <Filter>Source Files</Filter>
    </ClCompile>
    <ClCompile Include="Environment.cpp">
      <Filter>Source Files</Filter>
    </ClCompile>
    <ClCompile Include="Scene.cpp">
      <Filter>Source Files</Filter>
    </ClCompile>
    <ClCompile Include="PlayScene.cpp">
      <Filter>Source Files</Filter>
    </ClCompile>
    <ClCompile Include="Portal.cpp">
      <Filter>Source Files</Filter>
    </ClCompile>
    <ClCompile Include="Switch.cpp">
      <Filter>Source Files</Filter>
    </ClCompile>
    <ClCompile Include="Brick.cpp">
      <Filter>Bricks</Filter>
    </ClCompile>
    <ClCompile Include="Grid.cpp">
      <Filter>Grid</Filter>
    </ClCompile>
    <ClCompile Include="Coin.cpp">
      <Filter>Items</Filter>
    </ClCompile>
    <ClCompile Include="MushRoom.cpp">
      <Filter>Items</Filter>
    </ClCompile>
    <ClCompile Include="Flower.cpp">
      <Filter>Items</Filter>
    </ClCompile>
    <ClCompile Include="Leaf.cpp">
      <Filter>Items</Filter>
    </ClCompile>
    <ClCompile Include="EndPointItem.cpp">
      <Filter>Items</Filter>
    </ClCompile>
    <ClCompile Include="PButton.cpp">
      <Filter>Items</Filter>
    </ClCompile>
    <ClCompile Include="EndGame.cpp">
      <Filter>EndGame</Filter>
    </ClCompile>
    <ClCompile Include="Tag.cpp">
      <Filter>EndGame</Filter>
    </ClCompile>
    <ClCompile Include="Board.cpp">
      <Filter>GameBoard</Filter>
    </ClCompile>
    <ClCompile Include="GameClearBoard.cpp">
      <Filter>GameBoard</Filter>
    </ClCompile>
    <ClCompile Include="Item.cpp">
      <Filter>GameBoard</Filter>
    </ClCompile>
    <ClCompile Include="Number.cpp">
      <Filter>GameBoard</Filter>
    </ClCompile>
    <ClCompile Include="SpeedBar.cpp">
      <Filter>GameBoard</Filter>
    </ClCompile>
    <ClCompile Include="IntroScene.cpp">
      <Filter>Intro</Filter>
    </ClCompile>
    <ClCompile Include="FireBall.cpp">
      <Filter>Player</Filter>
    </ClCompile>
    <ClCompile Include="Mario.cpp">
      <Filter>Player</Filter>
    </ClCompile>
    <ClCompile Include="Tail.cpp">
      <Filter>Player</Filter>
    </ClCompile>
    <ClCompile Include="MiniMario.cpp">
      <Filter>WorldMap1</Filter>
    </ClCompile>
    <ClCompile Include="Object.cpp">
      <Filter>WorldMap1</Filter>
    </ClCompile>
    <ClCompile Include="WorldMapScene.cpp">
      <Filter>WorldMap1</Filter>
    </ClCompile>
    <ClCompile Include="BrickAttack.cpp">
      <Filter>Bricks</Filter>
    </ClCompile>
    <ClCompile Include="BrokenBrick.cpp">
      <Filter>Bricks</Filter>
    </ClCompile>
    <ClCompile Include="Fragment.cpp">
      <Filter>Bricks</Filter>
    </ClCompile>
    <ClCompile Include="MoveBar.cpp">
      <Filter>Bricks</Filter>
    </ClCompile>
    <ClCompile Include="QBrick.cpp">
      <Filter>Bricks</Filter>
    </ClCompile>
    <ClCompile Include="UpsideBrick.cpp">
      <Filter>Bricks</Filter>
    </ClCompile>
    <ClCompile Include="Boomerang.cpp">
      <Filter>Enemies</Filter>
    </ClCompile>
    <ClCompile Include="BoomerangBros.cpp">
      <Filter>Enemies</Filter>
    </ClCompile>
    <ClCompile Include="FlyGoomba.cpp">
      <Filter>Enemies</Filter>
    </ClCompile>
    <ClCompile Include="FlyKoopas.cpp">
      <Filter>Enemies</Filter>
    </ClCompile>
    <ClCompile Include="Goomba.cpp">
      <Filter>Enemies</Filter>
    </ClCompile>
    <ClCompile Include="Koopas.cpp">
      <Filter>Enemies</Filter>
    </ClCompile>
    <ClCompile Include="PiranhaPlant.cpp">
      <Filter>Enemies</Filter>
    </ClCompile>
    <ClCompile Include="Plant.cpp">
      <Filter>Enemies</Filter>
    </ClCompile>
    <ClCompile Include="PlantFireBall.cpp">
      <Filter>Enemies</Filter>
    </ClCompile>
  </ItemGroup>
  <ItemGroup>
    <ClInclude Include="Game.h">
      <Filter>Header Files</Filter>
    </ClInclude>
    <ClInclude Include="KeyEventHandler.h">
      <Filter>Header Files</Filter>
    </ClInclude>
    <ClInclude Include="Scene.h">
      <Filter>Header Files</Filter>
    </ClInclude>
    <ClInclude Include="Utils.h">
      <Filter>Header Files</Filter>
    </ClInclude>
    <ClInclude Include="Sprites.h">
      <Filter>Header Files</Filter>
    </ClInclude>
    <ClInclude Include="Textures.h">
      <Filter>Header Files</Filter>
    </ClInclude>
    <ClInclude Include="Animations.h">
      <Filter>Header Files</Filter>
    </ClInclude>
    <ClInclude Include="GameObject.h">
      <Filter>Header Files</Filter>
    </ClInclude>
    <ClInclude Include="Environment.h">
      <Filter>Header Files</Filter>
    </ClInclude>
    <ClInclude Include="PlayScene.h">
      <Filter>Header Files</Filter>
    </ClInclude>
    <ClInclude Include="Portal.h">
      <Filter>Header Files</Filter>
    </ClInclude>
    <ClInclude Include="Switch.h">
      <Filter>Header Files</Filter>
    </ClInclude>
    <ClInclude Include="Brick.h">
      <Filter>Bricks</Filter>
    </ClInclude>
    <ClInclude Include="Grid.h">
      <Filter>Grid</Filter>
    </ClInclude>
    <ClInclude Include="Coin.h">
      <Filter>Items</Filter>
    </ClInclude>
    <ClInclude Include="MushRoom.h">
      <Filter>Items</Filter>
    </ClInclude>
    <ClInclude Include="Flower.h">
      <Filter>Items</Filter>
    </ClInclude>
    <ClInclude Include="Leaf.h">
      <Filter>Items</Filter>
    </ClInclude>
    <ClInclude Include="EndPointItem.h">
      <Filter>Items</Filter>
    </ClInclude>
    <ClInclude Include="PButton.h">
      <Filter>Items</Filter>
    </ClInclude>
    <ClInclude Include="EndGame.h">
      <Filter>EndGame</Filter>
    </ClInclude>
    <ClInclude Include="Tag.h">
      <Filter>EndGame</Filter>
    </ClInclude>
    <ClInclude Include="Board.h">
      <Filter>GameBoard</Filter>
    </ClInclude>
    <ClInclude Include="GameClearBoard.h">
      <Filter>GameBoard</Filter>
    </ClInclude>
    <ClInclude Include="Item.h">
      <Filter>GameBoard</Filter>
    </ClInclude>
    <ClInclude Include="Number.h">
      <Filter>GameBoard</Filter>
    </ClInclude>
    <ClInclude Include="SpeedBar.h">
      <Filter>GameBoard</Filter>
    </ClInclude>
    <ClInclude Include="IntroScene.h">
      <Filter>Intro</Filter>
    </ClInclude>
    <ClInclude Include="FireBall.h">
      <Filter>Player</Filter>
    </ClInclude>
    <ClInclude Include="Mario.h">
      <Filter>Player</Filter>
    </ClInclude>
    <ClInclude Include="Tail.h">
      <Filter>Player</Filter>
    </ClInclude>
    <ClInclude Include="MiniMario.h">
      <Filter>WorldMap1</Filter>
    </ClInclude>
    <ClInclude Include="Object.h">
      <Filter>WorldMap1</Filter>
    </ClInclude>
    <ClInclude Include="WorldMapScene.h">
      <Filter>WorldMap1</Filter>
    </ClInclude>
    <ClInclude Include="BrickAttack.h">
      <Filter>Bricks</Filter>
    </ClInclude>
    <ClInclude Include="BrokenBrick.h">
      <Filter>Bricks</Filter>
    </ClInclude>
    <ClInclude Include="Fragment.h">
      <Filter>Bricks</Filter>
    </ClInclude>
    <ClInclude Include="MoveBar.h">
      <Filter>Bricks</Filter>
    </ClInclude>
    <ClInclude Include="QBrick.h">
      <Filter>Bricks</Filter>
    </ClInclude>
    <ClInclude Include="UpsideBrick.h">
      <Filter>Bricks</Filter>
    </ClInclude>
    <ClInclude Include="Boomerang.h">
      <Filter>Enemies</Filter>
    </ClInclude>
    <ClInclude Include="BoomerangBros.h">
      <Filter>Enemies</Filter>
    </ClInclude>
    <ClInclude Include="FlyGoomba.h">
      <Filter>Enemies</Filter>
    </ClInclude>
    <ClInclude Include="FlyKoopas.h">
      <Filter>Enemies</Filter>
    </ClInclude>
    <ClInclude Include="Goomba.h">
      <Filter>Enemies</Filter>
    </ClInclude>
    <ClInclude Include="Koopas.h">
      <Filter>Enemies</Filter>
    </ClInclude>
    <ClInclude Include="PiranhaPlant.h">
      <Filter>Enemies</Filter>
    </ClInclude>
    <ClInclude Include="Plant.h">
      <Filter>Enemies</Filter>
    </ClInclude>
    <ClInclude Include="PlantFireBall.h">
      <Filter>Enemies</Filter>
    </ClInclude>
  </ItemGroup>
</Project>